
Microsoft Visual Studio Solution File, Format Version 12.00
# Visual Studio Version 17
VisualStudioVersion = 17.4.33403.182
MinimumVisualStudioVersion = 10.0.40219.1
Project("{FAE04EC0-301F-11D3-BF4B-00C04F79EFBC}") = "StudentManagementSystem", "StudentManagementSystem\StudentManagementSystem.csproj", "{64B05E95-5571-4D24-8322-BB852FFAB644}"
EndProject
Global
	GlobalSection(SolutionConfigurationPlatforms) = preSolution
		Debug|Any CPU = Debug|Any CPU
		Release|Any CPU = Release|Any CPU
	EndGlobalSection
	GlobalSection(ProjectConfigurationPlatforms) = postSolution
		{64B05E95-5571-4D24-8322-BB852FFAB644}.Debug|Any CPU.ActiveCfg = Debug|Any CPU
		{64B05E95-5571-4D24-8322-BB852FFAB644}.Debug|Any CPU.Build.0 = Debug|Any CPU
		{64B05E95-5571-4D24-8322-BB852FFAB644}.Release|Any CPU.ActiveCfg = Release|Any CPU
		{64B05E95-5571-4D24-8322-BB852FFAB644}.Release|Any CPU.Build.0 = Release|Any CPU
	EndGlobalSection
	GlobalSection(SolutionProperties) = preSolution
		HideSolutionNode = FALSE
	EndGlobalSection
	GlobalSection(ExtensibilityGlobals) = postSolution
		SolutionGuid = {D56B2E7E-5D55-4DAF-B04E-823A40C4C9AF}
	EndGlobalSection
EndGlobal
